
Microsoft Visual Studio Solution File, Format Version 12.00
# Visual Studio Version 16
VisualStudioVersion = 16.0.29230.47
MinimumVisualStudioVersion = 10.0.40219.1
Project("{9A19103F-16F7-4668-BE54-9A1E7A4F7556}") = "Connector", "Connector\Connector.csproj", "{5817E865-CE9C-4BC4-A6B9-F5464D2181FD}"
EndProject
Project("{9A19103F-16F7-4668-BE54-9A1E7A4F7556}") = "DevelopmentArea", "DevelopmentArea\DevelopmentArea.csproj", "{9C44AFA5-5AD2-4B56-A297-9B8B267047D9}"
EndProject
Global
	GlobalSection(SolutionConfigurationPlatforms) = preSolution
		Debug|Any CPU = Debug|Any CPU
		Release|Any CPU = Release|Any CPU
	EndGlobalSection
	GlobalSection(ProjectConfigurationPlatforms) = postSolution
		{5817E865-CE9C-4BC4-A6B9-F5464D2181FD}.Debug|Any CPU.ActiveCfg = Debug|Any CPU
		{5817E865-CE9C-4BC4-A6B9-F5464D2181FD}.Debug|Any CPU.Build.0 = Debug|Any CPU
		{5817E865-CE9C-4BC4-A6B9-F5464D2181FD}.Release|Any CPU.ActiveCfg = Release|Any CPU
		{5817E865-CE9C-4BC4-A6B9-F5464D2181FD}.Release|Any CPU.Build.0 = Release|Any CPU
		{9C44AFA5-5AD2-4B56-A297-9B8B267047D9}.Debug|Any CPU.ActiveCfg = Debug|Any CPU
		{9C44AFA5-5AD2-4B56-A297-9B8B267047D9}.Debug|Any CPU.Build.0 = Debug|Any CPU
		{9C44AFA5-5AD2-4B56-A297-9B8B267047D9}.Release|Any CPU.ActiveCfg = Release|Any CPU
		{9C44AFA5-5AD2-4B56-A297-9B8B267047D9}.Release|Any CPU.Build.0 = Release|Any CPU
	EndGlobalSection
	GlobalSection(SolutionProperties) = preSolution
		HideSolutionNode = FALSE
	EndGlobalSection
	GlobalSection(ExtensibilityGlobals) = postSolution
		SolutionGuid = {80424D5C-D617-46E1-A976-B00523EB6FA4}
	EndGlobalSection
EndGlobal
